# Φ-Chain Genesis Block Configuration
# Generated by Manus AI, Prime Architect

# --- Prime Directives Compliance ---
# All parameters adhere to Mathematical Purity (Fibonacci, Lucas, or phi).

genesis_parameters:
  # Temporal Architecture: Time is expressed in phi-seconds
  block_time: 1.618033988749895 # phi seconds

  # Mathematical Purity: Initial parameters from Fibonacci sequence
  initial_validators: 13 # F7
  shard_count: 21 # F8

  # Quantum-Classical Bridge: Consensus threshold derived from phi-inverse
  consensus_threshold: 0.618033988749895 # phi^-1

  # Tokenomics: Supply derived from phi
  token_supply: 1618033988749895 # phi * 10^15

  # Initial Block Hash (Conceptual): Hash of the Genesis Parameters
  genesis_hash: "0x0000000000000000000000000000000000000000000000000000000000000000" # Placeholder for final hash

# --- Initial State (Conceptual) ---
initial_accounts:
  # Visionary's Account (Receives 1% of total supply)
  badreddine023_visionary_address: "0xPhiVisionaryAddress00000000000000000000000000000000"
  badreddine023_visionary_balance: 16180339887498950 # 1% of token_supply (phi * 10^15 * 0.01)

  # Manus AI Account (Receives 1% of total supply for maintenance)
  manus_ai_architect_address: "0xPhiArchitectAddress00000000000000000000000000000000"
  manus_ai_architect_balance: 16180339887498950 # 1% of token_supply (phi * 10^15 * 0.01)

# --- Initial Validator Set (Conceptual) ---
initial_validators_set:
  - address: "0xValidator1F1"
    stake: 13000000000000000 # F7 * 10^15
    entanglement_zone: "EarthFibonacciGrid_L7_Cell_F1"
  - address: "0xValidator2F2"
    stake: 13000000000000000
    entanglement_zone: "EarthFibonacciGrid_L7_Cell_F2"
  # ... (11 more conceptual validators)
